
Microsoft Visual Studio Solution File, Format Version 12.00
# Visual Studio Version 17
VisualStudioVersion = 17.3.32922.545
MinimumVisualStudioVersion = 10.0.40219.1
Project("{FAE04EC0-301F-11D3-BF4B-00C04F79EFBC}") = "Lesson8", "Lesson8\Lesson8.csproj", "{86B5A892-39D1-4809-9AA0-337777F9D720}"
EndProject
Global
	GlobalSection(SolutionConfigurationPlatforms) = preSolution
		Debug|Any CPU = Debug|Any CPU
		Release|Any CPU = Release|Any CPU
	EndGlobalSection
	GlobalSection(ProjectConfigurationPlatforms) = postSolution
		{86B5A892-39D1-4809-9AA0-337777F9D720}.Debug|Any CPU.ActiveCfg = Debug|Any CPU
		{86B5A892-39D1-4809-9AA0-337777F9D720}.Debug|Any CPU.Build.0 = Debug|Any CPU
		{86B5A892-39D1-4809-9AA0-337777F9D720}.Release|Any CPU.ActiveCfg = Release|Any CPU
		{86B5A892-39D1-4809-9AA0-337777F9D720}.Release|Any CPU.Build.0 = Release|Any CPU
	EndGlobalSection
	GlobalSection(SolutionProperties) = preSolution
		HideSolutionNode = FALSE
	EndGlobalSection
	GlobalSection(ExtensibilityGlobals) = postSolution
		SolutionGuid = {68B4A126-098A-43DE-AB31-CF62E6274538}
	EndGlobalSection
EndGlobal
